
Microsoft Visual Studio Solution File, Format Version 12.00
# Visual Studio 15
VisualStudioVersion = 15.0.28307.168
MinimumVisualStudioVersion = 10.0.40219.1
Project("{FAE04EC0-301F-11D3-BF4B-00C04F79EFBC}") = "Sales.Android", "Sales\Sales.Android\Sales.Android.csproj", "{11D59711-8546-4E81-81B5-6B243C0FA372}"
EndProject
Project("{FAE04EC0-301F-11D3-BF4B-00C04F79EFBC}") = "Sales.iOS", "Sales\Sales.iOS\Sales.iOS.csproj", "{D92266EE-A46C-4AEA-A446-4700DDE856EC}"
EndProject
Project("{9A19103F-16F7-4668-BE54-9A1E7A4F7556}") = "Sales", "Sales\Sales\Sales.csproj", "{FB3A2651-DB99-4B88-A15E-81B55E3A8C45}"
EndProject
Project("{FAE04EC0-301F-11D3-BF4B-00C04F79EFBC}") = "Sales.Backend", "Sales.Backend\Sales.Backend.csproj", "{C8D8269B-A464-4D6B-8CA8-4CF66CE706A3}"
EndProject
Project("{FAE04EC0-301F-11D3-BF4B-00C04F79EFBC}") = "Sales.API", "Sales.API\Sales.API.csproj", "{A884F02A-0CF1-40E3-BD7C-E2CB392F2891}"
EndProject
Project("{FAE04EC0-301F-11D3-BF4B-00C04F79EFBC}") = "Sales.Domain", "Sales.Domain\Sales.Domain.csproj", "{21F6FC12-C0D4-4F23-AAE2-EFB7E6B7511E}"
EndProject
Project("{FAE04EC0-301F-11D3-BF4B-00C04F79EFBC}") = "Sales.Common", "Sales.Common\Sales.Common.csproj", "{22CF3DF3-D1DD-4EEA-A859-40862E596A9D}"
EndProject
Global
	GlobalSection(SolutionConfigurationPlatforms) = preSolution
		Ad-Hoc|Any CPU = Ad-Hoc|Any CPU
		Ad-Hoc|ARM = Ad-Hoc|ARM
		Ad-Hoc|iPhone = Ad-Hoc|iPhone
		Ad-Hoc|iPhoneSimulator = Ad-Hoc|iPhoneSimulator
		Ad-Hoc|x64 = Ad-Hoc|x64
		Ad-Hoc|x86 = Ad-Hoc|x86
		AppStore|Any CPU = AppStore|Any CPU
		AppStore|ARM = AppStore|ARM
		AppStore|iPhone = AppStore|iPhone
		AppStore|iPhoneSimulator = AppStore|iPhoneSimulator
		AppStore|x64 = AppStore|x64
		AppStore|x86 = AppStore|x86
		Debug|Any CPU = Debug|Any CPU
		Debug|ARM = Debug|ARM
		Debug|iPhone = Debug|iPhone
		Debug|iPhoneSimulator = Debug|iPhoneSimulator
		Debug|x64 = Debug|x64
		Debug|x86 = Debug|x86
		Release|Any CPU = Release|Any CPU
		Release|ARM = Release|ARM
		Release|iPhone = Release|iPhone
		Release|iPhoneSimulator = Release|iPhoneSimulator
		Release|x64 = Release|x64
		Release|x86 = Release|x86
	EndGlobalSection
	GlobalSection(ProjectConfigurationPlatforms) = postSolution
		{11D59711-8546-4E81-81B5-6B243C0FA372}.Ad-Hoc|Any CPU.ActiveCfg = Release|Any CPU
		{11D59711-8546-4E81-81B5-6B243C0FA372}.Ad-Hoc|Any CPU.Build.0 = Release|Any CPU
		{11D59711-8546-4E81-81B5-6B243C0FA372}.Ad-Hoc|Any CPU.Deploy.0 = Release|Any CPU
		{11D59711-8546-4E81-81B5-6B243C0FA372}.Ad-Hoc|ARM.ActiveCfg = Release|Any CPU
		{11D59711-8546-4E81-81B5-6B243C0FA372}.Ad-Hoc|ARM.Build.0 = Release|Any CPU
		{11D59711-8546-4E81-81B5-6B243C0FA372}.Ad-Hoc|ARM.Deploy.0 = Release|Any CPU
		{11D59711-8546-4E81-81B5-6B243C0FA372}.Ad-Hoc|iPhone.ActiveCfg = Release|Any CPU
		{11D59711-8546-4E81-81B5-6B243C0FA372}.Ad-Hoc|iPhone.Build.0 = Release|Any CPU
		{11D59711-8546-4E81-81B5-6B243C0FA372}.Ad-Hoc|iPhone.Deploy.0 = Release|Any CPU
		{11D59711-8546-4E81-81B5-6B243C0FA372}.Ad-Hoc|iPhoneSimulator.ActiveCfg = Release|Any CPU
		{11D59711-8546-4E81-81B5-6B243C0FA372}.Ad-Hoc|iPhoneSimulator.Build.0 = Release|Any CPU
		{11D59711-8546-4E81-81B5-6B243C0FA372}.Ad-Hoc|iPhoneSimulator.Deploy.0 = Release|Any CPU
		{11D59711-8546-4E81-81B5-6B243C0FA372}.Ad-Hoc|x64.ActiveCfg = Release|Any CPU
		{11D59711-8546-4E81-81B5-6B243C0FA372}.Ad-Hoc|x64.Build.0 = Release|Any CPU
		{11D59711-8546-4E81-81B5-6B243C0FA372}.Ad-Hoc|x64.Deploy.0 = Release|Any CPU
		{11D59711-8546-4E81-81B5-6B243C0FA372}.Ad-Hoc|x86.ActiveCfg = Release|Any CPU
		{11D59711-8546-4E81-81B5-6B243C0FA372}.Ad-Hoc|x86.Build.0 = Release|Any CPU
		{11D59711-8546-4E81-81B5-6B243C0FA372}.Ad-Hoc|x86.Deploy.0 = Release|Any CPU
		{11D59711-8546-4E81-81B5-6B243C0FA372}.AppStore|Any CPU.ActiveCfg = Release|Any CPU
		{11D59711-8546-4E81-81B5-6B243C0FA372}.AppStore|Any CPU.Build.0 = Release|Any CPU
		{11D59711-8546-4E81-81B5-6B243C0FA372}.AppStore|Any CPU.Deploy.0 = Release|Any CPU
		{11D59711-8546-4E81-81B5-6B243C0FA372}.AppStore|ARM.ActiveCfg = Release|Any CPU
		{11D59711-8546-4E81-81B5-6B243C0FA372}.AppStore|ARM.Build.0 = Release|Any CPU
		{11D59711-8546-4E81-81B5-6B243C0FA372}.AppStore|ARM.Deploy.0 = Release|Any CPU
		{11D59711-8546-4E81-81B5-6B243C0FA372}.AppStore|iPhone.ActiveCfg = Release|Any CPU
		{11D59711-8546-4E81-81B5-6B243C0FA372}.AppStore|iPhone.Build.0 = Release|Any CPU
		{11D59711-8546-4E81-81B5-6B243C0FA372}.AppStore|iPhone.Deploy.0 = Release|Any CPU
		{11D59711-8546-4E81-81B5-6B243C0FA372}.AppStore|iPhoneSimulator.ActiveCfg = Release|Any CPU
		{11D59711-8546-4E81-81B5-6B243C0FA372}.AppStore|iPhoneSimulator.Build.0 = Release|Any CPU
		{11D59711-8546-4E81-81B5-6B243C0FA372}.AppStore|iPhoneSimulator.Deploy.0 = Release|Any CPU
		{11D59711-8546-4E81-81B5-6B243C0FA372}.AppStore|x64.ActiveCfg = Release|Any CPU
		{11D59711-8546-4E81-81B5-6B243C0FA372}.AppStore|x64.Build.0 = Release|Any CPU
		{11D59711-8546-4E81-81B5-6B243C0FA372}.AppStore|x64.Deploy.0 = Release|Any CPU
		{11D59711-8546-4E81-81B5-6B243C0FA372}.AppStore|x86.ActiveCfg = Release|Any CPU
		{11D59711-8546-4E81-81B5-6B243C0FA372}.AppStore|x86.Build.0 = Release|Any CPU
		{11D59711-8546-4E81-81B5-6B243C0FA372}.AppStore|x86.Deploy.0 = Release|Any CPU
		{11D59711-8546-4E81-81B5-6B243C0FA372}.Debug|Any CPU.ActiveCfg = Debug|Any CPU
		{11D59711-8546-4E81-81B5-6B243C0FA372}.Debug|Any CPU.Build.0 = Debug|Any CPU
		{11D59711-8546-4E81-81B5-6B243C0FA372}.Debug|Any CPU.Deploy.0 = Debug|Any CPU
		{11D59711-8546-4E81-81B5-6B243C0FA372}.Debug|ARM.ActiveCfg = Debug|Any CPU
		{11D59711-8546-4E81-81B5-6B243C0FA372}.Debug|ARM.Build.0 = Debug|Any CPU
		{11D59711-8546-4E81-81B5-6B243C0FA372}.Debug|ARM.Deploy.0 = Debug|Any CPU
		{11D59711-8546-4E81-81B5-6B243C0FA372}.Debug|iPhone.ActiveCfg = Debug|Any CPU
		{11D59711-8546-4E81-81B5-6B243C0FA372}.Debug|iPhone.Build.0 = Debug|Any CPU
		{11D59711-8546-4E81-81B5-6B243C0FA372}.Debug|iPhone.Deploy.0 = Debug|Any CPU
		{11D59711-8546-4E81-81B5-6B243C0FA372}.Debug|iPhoneSimulator.ActiveCfg = Debug|Any CPU
		{11D59711-8546-4E81-81B5-6B243C0FA372}.Debug|iPhoneSimulator.Build.0 = Debug|Any CPU
		{11D59711-8546-4E81-81B5-6B243C0FA372}.Debug|iPhoneSimulator.Deploy.0 = Debug|Any CPU
		{11D59711-8546-4E81-81B5-6B243C0FA372}.Debug|x64.ActiveCfg = Debug|Any CPU
		{11D59711-8546-4E81-81B5-6B243C0FA372}.Debug|x64.Build.0 = Debug|Any CPU
		{11D59711-8546-4E81-81B5-6B243C0FA372}.Debug|x64.Deploy.0 = Debug|Any CPU
		{11D59711-8546-4E81-81B5-6B243C0FA372}.Debug|x86.ActiveCfg = Debug|Any CPU
		{11D59711-8546-4E81-81B5-6B243C0FA372}.Debug|x86.Build.0 = Debug|Any CPU
		{11D59711-8546-4E81-81B5-6B243C0FA372}.Debug|x86.Deploy.0 = Debug|Any CPU
		{11D59711-8546-4E81-81B5-6B243C0FA372}.Release|Any CPU.ActiveCfg = Release|Any CPU
		{11D59711-8546-4E81-81B5-6B243C0FA372}.Release|Any CPU.Build.0 = Release|Any CPU
		{11D59711-8546-4E81-81B5-6B243C0FA372}.Release|Any CPU.Deploy.0 = Release|Any CPU
		{11D59711-8546-4E81-81B5-6B243C0FA372}.Release|ARM.ActiveCfg = Release|Any CPU
		{11D59711-8546-4E81-81B5-6B243C0FA372}.Release|ARM.Build.0 = Release|Any CPU
		{11D59711-8546-4E81-81B5-6B243C0FA372}.Release|ARM.Deploy.0 = Release|Any CPU
		{11D59711-8546-4E81-81B5-6B243C0FA372}.Release|iPhone.ActiveCfg = Release|Any CPU
		{11D59711-8546-4E81-81B5-6B243C0FA372}.Release|iPhone.Build.0 = Release|Any CPU
		{11D59711-8546-4E81-81B5-6B243C0FA372}.Release|iPhone.Deploy.0 = Release|Any CPU
		{11D59711-8546-4E81-81B5-6B243C0FA372}.Release|iPhoneSimulator.ActiveCfg = Release|Any CPU
		{11D59711-8546-4E81-81B5-6B243C0FA372}.Release|iPhoneSimulator.Build.0 = Release|Any CPU
		{11D59711-8546-4E81-81B5-6B243C0FA372}.Release|iPhoneSimulator.Deploy.0 = Release|Any CPU
		{11D59711-8546-4E81-81B5-6B243C0FA372}.Release|x64.ActiveCfg = Release|Any CPU
		{11D59711-8546-4E81-81B5-6B243C0FA372}.Release|x64.Build.0 = Release|Any CPU
		{11D59711-8546-4E81-81B5-6B243C0FA372}.Release|x64.Deploy.0 = Release|Any CPU
		{11D59711-8546-4E81-81B5-6B243C0FA372}.Release|x86.ActiveCfg = Release|Any CPU
		{11D59711-8546-4E81-81B5-6B243C0FA372}.Release|x86.Build.0 = Release|Any CPU
		{11D59711-8546-4E81-81B5-6B243C0FA372}.Release|x86.Deploy.0 = Release|Any CPU
		{D92266EE-A46C-4AEA-A446-4700DDE856EC}.Ad-Hoc|Any CPU.ActiveCfg = Ad-Hoc|iPhone
		{D92266EE-A46C-4AEA-A446-4700DDE856EC}.Ad-Hoc|Any CPU.Build.0 = Ad-Hoc|iPhone
		{D92266EE-A46C-4AEA-A446-4700DDE856EC}.Ad-Hoc|Any CPU.Deploy.0 = Ad-Hoc|iPhone
		{D92266EE-A46C-4AEA-A446-4700DDE856EC}.Ad-Hoc|ARM.ActiveCfg = Ad-Hoc|iPhone
		{D92266EE-A46C-4AEA-A446-4700DDE856EC}.Ad-Hoc|ARM.Build.0 = Ad-Hoc|iPhone
		{D92266EE-A46C-4AEA-A446-4700DDE856EC}.Ad-Hoc|ARM.Deploy.0 = Ad-Hoc|iPhone
		{D92266EE-A46C-4AEA-A446-4700DDE856EC}.Ad-Hoc|iPhone.ActiveCfg = Ad-Hoc|iPhone
		{D92266EE-A46C-4AEA-A446-4700DDE856EC}.Ad-Hoc|iPhone.Build.0 = Ad-Hoc|iPhone
		{D92266EE-A46C-4AEA-A446-4700DDE856EC}.Ad-Hoc|iPhone.Deploy.0 = Ad-Hoc|iPhone
		{D92266EE-A46C-4AEA-A446-4700DDE856EC}.Ad-Hoc|iPhoneSimulator.ActiveCfg = Ad-Hoc|iPhoneSimulator
		{D92266EE-A46C-4AEA-A446-4700DDE856EC}.Ad-Hoc|iPhoneSimulator.Build.0 = Ad-Hoc|iPhoneSimulator
		{D92266EE-A46C-4AEA-A446-4700DDE856EC}.Ad-Hoc|iPhoneSimulator.Deploy.0 = Ad-Hoc|iPhoneSimulator
		{D92266EE-A46C-4AEA-A446-4700DDE856EC}.Ad-Hoc|x64.ActiveCfg = Ad-Hoc|iPhone
		{D92266EE-A46C-4AEA-A446-4700DDE856EC}.Ad-Hoc|x64.Build.0 = Ad-Hoc|iPhone
		{D92266EE-A46C-4AEA-A446-4700DDE856EC}.Ad-Hoc|x64.Deploy.0 = Ad-Hoc|iPhone
		{D92266EE-A46C-4AEA-A446-4700DDE856EC}.Ad-Hoc|x86.ActiveCfg = Ad-Hoc|iPhone
		{D92266EE-A46C-4AEA-A446-4700DDE856EC}.Ad-Hoc|x86.Build.0 = Ad-Hoc|iPhone
		{D92266EE-A46C-4AEA-A446-4700DDE856EC}.Ad-Hoc|x86.Deploy.0 = Ad-Hoc|iPhone
		{D92266EE-A46C-4AEA-A446-4700DDE856EC}.AppStore|Any CPU.ActiveCfg = AppStore|iPhone
		{D92266EE-A46C-4AEA-A446-4700DDE856EC}.AppStore|Any CPU.Build.0 = AppStore|iPhone
		{D92266EE-A46C-4AEA-A446-4700DDE856EC}.AppStore|Any CPU.Deploy.0 = AppStore|iPhone
		{D92266EE-A46C-4AEA-A446-4700DDE856EC}.AppStore|ARM.ActiveCfg = AppStore|iPhone
		{D92266EE-A46C-4AEA-A446-4700DDE856EC}.AppStore|ARM.Build.0 = AppStore|iPhone
		{D92266EE-A46C-4AEA-A446-4700DDE856EC}.AppStore|ARM.Deploy.0 = AppStore|iPhone
		{D92266EE-A46C-4AEA-A446-4700DDE856EC}.AppStore|iPhone.ActiveCfg = AppStore|iPhone
		{D92266EE-A46C-4AEA-A446-4700DDE856EC}.AppStore|iPhone.Build.0 = AppStore|iPhone
		{D92266EE-A46C-4AEA-A446-4700DDE856EC}.AppStore|iPhone.Deploy.0 = AppStore|iPhone
		{D92266EE-A46C-4AEA-A446-4700DDE856EC}.AppStore|iPhoneSimulator.ActiveCfg = AppStore|iPhoneSimulator
		{D92266EE-A46C-4AEA-A446-4700DDE856EC}.AppStore|iPhoneSimulator.Build.0 = AppStore|iPhoneSimulator
		{D92266EE-A46C-4AEA-A446-4700DDE856EC}.AppStore|iPhoneSimulator.Deploy.0 = AppStore|iPhoneSimulator
		{D92266EE-A46C-4AEA-A446-4700DDE856EC}.AppStore|x64.ActiveCfg = AppStore|iPhone
		{D92266EE-A46C-4AEA-A446-4700DDE856EC}.AppStore|x64.Build.0 = AppStore|iPhone
		{D92266EE-A46C-4AEA-A446-4700DDE856EC}.AppStore|x64.Deploy.0 = AppStore|iPhone
		{D92266EE-A46C-4AEA-A446-4700DDE856EC}.AppStore|x86.ActiveCfg = AppStore|iPhone
		{D92266EE-A46C-4AEA-A446-4700DDE856EC}.AppStore|x86.Build.0 = AppStore|iPhone
		{D92266EE-A46C-4AEA-A446-4700DDE856EC}.AppStore|x86.Deploy.0 = AppStore|iPhone
		{D92266EE-A46C-4AEA-A446-4700DDE856EC}.Debug|Any CPU.ActiveCfg = Debug|iPhoneSimulator
		{D92266EE-A46C-4AEA-A446-4700DDE856EC}.Debug|Any CPU.Build.0 = Debug|iPhoneSimulator
		{D92266EE-A46C-4AEA-A446-4700DDE856EC}.Debug|Any CPU.Deploy.0 = Debug|iPhoneSimulator
		{D92266EE-A46C-4AEA-A446-4700DDE856EC}.Debug|ARM.ActiveCfg = Debug|iPhone
		{D92266EE-A46C-4AEA-A446-4700DDE856EC}.Debug|ARM.Build.0 = Debug|iPhone
		{D92266EE-A46C-4AEA-A446-4700DDE856EC}.Debug|ARM.Deploy.0 = Debug|iPhone
		{D92266EE-A46C-4AEA-A446-4700DDE856EC}.Debug|iPhone.ActiveCfg = Debug|iPhone
		{D92266EE-A46C-4AEA-A446-4700DDE856EC}.Debug|iPhone.Build.0 = Debug|iPhone
		{D92266EE-A46C-4AEA-A446-4700DDE856EC}.Debug|iPhone.Deploy.0 = Debug|iPhone
		{D92266EE-A46C-4AEA-A446-4700DDE856EC}.Debug|iPhoneSimulator.ActiveCfg = Debug|iPhoneSimulator
		{D92266EE-A46C-4AEA-A446-4700DDE856EC}.Debug|iPhoneSimulator.Build.0 = Debug|iPhoneSimulator
		{D92266EE-A46C-4AEA-A446-4700DDE856EC}.Debug|iPhoneSimulator.Deploy.0 = Debug|iPhoneSimulator
		{D92266EE-A46C-4AEA-A446-4700DDE856EC}.Debug|x64.ActiveCfg = Debug|iPhone
		{D92266EE-A46C-4AEA-A446-4700DDE856EC}.Debug|x64.Build.0 = Debug|iPhone
		{D92266EE-A46C-4AEA-A446-4700DDE856EC}.Debug|x64.Deploy.0 = Debug|iPhone
		{D92266EE-A46C-4AEA-A446-4700DDE856EC}.Debug|x86.ActiveCfg = Debug|iPhone
		{D92266EE-A46C-4AEA-A446-4700DDE856EC}.Debug|x86.Build.0 = Debug|iPhone
		{D92266EE-A46C-4AEA-A446-4700DDE856EC}.Debug|x86.Deploy.0 = Debug|iPhone
		{D92266EE-A46C-4AEA-A446-4700DDE856EC}.Release|Any CPU.ActiveCfg = Release|iPhone
		{D92266EE-A46C-4AEA-A446-4700DDE856EC}.Release|Any CPU.Build.0 = Release|iPhone
		{D92266EE-A46C-4AEA-A446-4700DDE856EC}.Release|Any CPU.Deploy.0 = Release|iPhone
		{D92266EE-A46C-4AEA-A446-4700DDE856EC}.Release|ARM.ActiveCfg = Release|iPhone
		{D92266EE-A46C-4AEA-A446-4700DDE856EC}.Release|ARM.Build.0 = Release|iPhone
		{D92266EE-A46C-4AEA-A446-4700DDE856EC}.Release|ARM.Deploy.0 = Release|iPhone
		{D92266EE-A46C-4AEA-A446-4700DDE856EC}.Release|iPhone.ActiveCfg = Release|iPhone
		{D92266EE-A46C-4AEA-A446-4700DDE856EC}.Release|iPhone.Build.0 = Release|iPhone
		{D92266EE-A46C-4AEA-A446-4700DDE856EC}.Release|iPhone.Deploy.0 = Release|iPhone
		{D92266EE-A46C-4AEA-A446-4700DDE856EC}.Release|iPhoneSimulator.ActiveCfg = Release|iPhoneSimulator
		{D92266EE-A46C-4AEA-A446-4700DDE856EC}.Release|iPhoneSimulator.Build.0 = Release|iPhoneSimulator
		{D92266EE-A46C-4AEA-A446-4700DDE856EC}.Release|iPhoneSimulator.Deploy.0 = Release|iPhoneSimulator
		{D92266EE-A46C-4AEA-A446-4700DDE856EC}.Release|x64.ActiveCfg = Release|iPhone
		{D92266EE-A46C-4AEA-A446-4700DDE856EC}.Release|x64.Build.0 = Release|iPhone
		{D92266EE-A46C-4AEA-A446-4700DDE856EC}.Release|x64.Deploy.0 = Release|iPhone
		{D92266EE-A46C-4AEA-A446-4700DDE856EC}.Release|x86.ActiveCfg = Release|iPhone
		{D92266EE-A46C-4AEA-A446-4700DDE856EC}.Release|x86.Build.0 = Release|iPhone
		{D92266EE-A46C-4AEA-A446-4700DDE856EC}.Release|x86.Deploy.0 = Release|iPhone
		{FB3A2651-DB99-4B88-A15E-81B55E3A8C45}.Ad-Hoc|Any CPU.ActiveCfg = Debug|Any CPU
		{FB3A2651-DB99-4B88-A15E-81B55E3A8C45}.Ad-Hoc|Any CPU.Build.0 = Debug|Any CPU
		{FB3A2651-DB99-4B88-A15E-81B55E3A8C45}.Ad-Hoc|Any CPU.Deploy.0 = Debug|Any CPU
		{FB3A2651-DB99-4B88-A15E-81B55E3A8C45}.Ad-Hoc|ARM.ActiveCfg = Debug|Any CPU
		{FB3A2651-DB99-4B88-A15E-81B55E3A8C45}.Ad-Hoc|ARM.Build.0 = Debug|Any CPU
		{FB3A2651-DB99-4B88-A15E-81B55E3A8C45}.Ad-Hoc|ARM.Deploy.0 = Debug|Any CPU
		{FB3A2651-DB99-4B88-A15E-81B55E3A8C45}.Ad-Hoc|iPhone.ActiveCfg = Debug|Any CPU
		{FB3A2651-DB99-4B88-A15E-81B55E3A8C45}.Ad-Hoc|iPhone.Build.0 = Debug|Any CPU
		{FB3A2651-DB99-4B88-A15E-81B55E3A8C45}.Ad-Hoc|iPhone.Deploy.0 = Debug|Any CPU
		{FB3A2651-DB99-4B88-A15E-81B55E3A8C45}.Ad-Hoc|iPhoneSimulator.ActiveCfg = Debug|Any CPU
		{FB3A2651-DB99-4B88-A15E-81B55E3A8C45}.Ad-Hoc|iPhoneSimulator.Build.0 = Debug|Any CPU
		{FB3A2651-DB99-4B88-A15E-81B55E3A8C45}.Ad-Hoc|iPhoneSimulator.Deploy.0 = Debug|Any CPU
		{FB3A2651-DB99-4B88-A15E-81B55E3A8C45}.Ad-Hoc|x64.ActiveCfg = Debug|Any CPU
		{FB3A2651-DB99-4B88-A15E-81B55E3A8C45}.Ad-Hoc|x64.Build.0 = Debug|Any CPU
		{FB3A2651-DB99-4B88-A15E-81B55E3A8C45}.Ad-Hoc|x64.Deploy.0 = Debug|Any CPU
		{FB3A2651-DB99-4B88-A15E-81B55E3A8C45}.Ad-Hoc|x86.ActiveCfg = Debug|Any CPU
		{FB3A2651-DB99-4B88-A15E-81B55E3A8C45}.Ad-Hoc|x86.Build.0 = Debug|Any CPU
		{FB3A2651-DB99-4B88-A15E-81B55E3A8C45}.Ad-Hoc|x86.Deploy.0 = Debug|Any CPU
		{FB3A2651-DB99-4B88-A15E-81B55E3A8C45}.AppStore|Any CPU.ActiveCfg = Debug|Any CPU
		{FB3A2651-DB99-4B88-A15E-81B55E3A8C45}.AppStore|Any CPU.Build.0 = Debug|Any CPU
		{FB3A2651-DB99-4B88-A15E-81B55E3A8C45}.AppStore|Any CPU.Deploy.0 = Debug|Any CPU
		{FB3A2651-DB99-4B88-A15E-81B55E3A8C45}.AppStore|ARM.ActiveCfg = Debug|Any CPU
		{FB3A2651-DB99-4B88-A15E-81B55E3A8C45}.AppStore|ARM.Build.0 = Debug|Any CPU
		{FB3A2651-DB99-4B88-A15E-81B55E3A8C45}.AppStore|ARM.Deploy.0 = Debug|Any CPU
		{FB3A2651-DB99-4B88-A15E-81B55E3A8C45}.AppStore|iPhone.ActiveCfg = Debug|Any CPU
		{FB3A2651-DB99-4B88-A15E-81B55E3A8C45}.AppStore|iPhone.Build.0 = Debug|Any CPU
		{FB3A2651-DB99-4B88-A15E-81B55E3A8C45}.AppStore|iPhone.Deploy.0 = Debug|Any CPU
		{FB3A2651-DB99-4B88-A15E-81B55E3A8C45}.AppStore|iPhoneSimulator.ActiveCfg = Debug|Any CPU
		{FB3A2651-DB99-4B88-A15E-81B55E3A8C45}.AppStore|iPhoneSimulator.Build.0 = Debug|Any CPU
		{FB3A2651-DB99-4B88-A15E-81B55E3A8C45}.AppStore|iPhoneSimulator.Deploy.0 = Debug|Any CPU
		{FB3A2651-DB99-4B88-A15E-81B55E3A8C45}.AppStore|x64.ActiveCfg = Debug|Any CPU
		{FB3A2651-DB99-4B88-A15E-81B55E3A8C45}.AppStore|x64.Build.0 = Debug|Any CPU
		{FB3A2651-DB99-4B88-A15E-81B55E3A8C45}.AppStore|x64.Deploy.0 = Debug|Any CPU
		{FB3A2651-DB99-4B88-A15E-81B55E3A8C45}.AppStore|x86.ActiveCfg = Debug|Any CPU
		{FB3A2651-DB99-4B88-A15E-81B55E3A8C45}.AppStore|x86.Build.0 = Debug|Any CPU
		{FB3A2651-DB99-4B88-A15E-81B55E3A8C45}.AppStore|x86.Deploy.0 = Debug|Any CPU
		{FB3A2651-DB99-4B88-A15E-81B55E3A8C45}.Debug|Any CPU.ActiveCfg = Debug|Any CPU
		{FB3A2651-DB99-4B88-A15E-81B55E3A8C45}.Debug|Any CPU.Build.0 = Debug|Any CPU
		{FB3A2651-DB99-4B88-A15E-81B55E3A8C45}.Debug|Any CPU.Deploy.0 = Debug|Any CPU
		{FB3A2651-DB99-4B88-A15E-81B55E3A8C45}.Debug|ARM.ActiveCfg = Debug|Any CPU
		{FB3A2651-DB99-4B88-A15E-81B55E3A8C45}.Debug|ARM.Build.0 = Debug|Any CPU
		{FB3A2651-DB99-4B88-A15E-81B55E3A8C45}.Debug|ARM.Deploy.0 = Debug|Any CPU
		{FB3A2651-DB99-4B88-A15E-81B55E3A8C45}.Debug|iPhone.ActiveCfg = Debug|Any CPU
		{FB3A2651-DB99-4B88-A15E-81B55E3A8C45}.Debug|iPhone.Build.0 = Debug|Any CPU
		{FB3A2651-DB99-4B88-A15E-81B55E3A8C45}.Debug|iPhone.Deploy.0 = Debug|Any CPU
		{FB3A2651-DB99-4B88-A15E-81B55E3A8C45}.Debug|iPhoneSimulator.ActiveCfg = Debug|Any CPU
		{FB3A2651-DB99-4B88-A15E-81B55E3A8C45}.Debug|iPhoneSimulator.Build.0 = Debug|Any CPU
		{FB3A2651-DB99-4B88-A15E-81B55E3A8C45}.Debug|iPhoneSimulator.Deploy.0 = Debug|Any CPU
		{FB3A2651-DB99-4B88-A15E-81B55E3A8C45}.Debug|x64.ActiveCfg = Debug|Any CPU
		{FB3A2651-DB99-4B88-A15E-81B55E3A8C45}.Debug|x64.Build.0 = Debug|Any CPU
		{FB3A2651-DB99-4B88-A15E-81B55E3A8C45}.Debug|x64.Deploy.0 = Debug|Any CPU
		{FB3A2651-DB99-4B88-A15E-81B55E3A8C45}.Debug|x86.ActiveCfg = Debug|Any CPU
		{FB3A2651-DB99-4B88-A15E-81B55E3A8C45}.Debug|x86.Build.0 = Debug|Any CPU
		{FB3A2651-DB99-4B88-A15E-81B55E3A8C45}.Debug|x86.Deploy.0 = Debug|Any CPU
		{FB3A2651-DB99-4B88-A15E-81B55E3A8C45}.Release|Any CPU.ActiveCfg = Release|Any CPU
		{FB3A2651-DB99-4B88-A15E-81B55E3A8C45}.Release|Any CPU.Build.0 = Release|Any CPU
		{FB3A2651-DB99-4B88-A15E-81B55E3A8C45}.Release|Any CPU.Deploy.0 = Release|Any CPU
		{FB3A2651-DB99-4B88-A15E-81B55E3A8C45}.Release|ARM.ActiveCfg = Release|Any CPU
		{FB3A2651-DB99-4B88-A15E-81B55E3A8C45}.Release|ARM.Build.0 = Release|Any CPU
		{FB3A2651-DB99-4B88-A15E-81B55E3A8C45}.Release|ARM.Deploy.0 = Release|Any CPU
		{FB3A2651-DB99-4B88-A15E-81B55E3A8C45}.Release|iPhone.ActiveCfg = Release|Any CPU
		{FB3A2651-DB99-4B88-A15E-81B55E3A8C45}.Release|iPhone.Build.0 = Release|Any CPU
		{FB3A2651-DB99-4B88-A15E-81B55E3A8C45}.Release|iPhone.Deploy.0 = Release|Any CPU
		{FB3A2651-DB99-4B88-A15E-81B55E3A8C45}.Release|iPhoneSimulator.ActiveCfg = Release|Any CPU
		{FB3A2651-DB99-4B88-A15E-81B55E3A8C45}.Release|iPhoneSimulator.Build.0 = Release|Any CPU
		{FB3A2651-DB99-4B88-A15E-81B55E3A8C45}.Release|iPhoneSimulator.Deploy.0 = Release|Any CPU
		{FB3A2651-DB99-4B88-A15E-81B55E3A8C45}.Release|x64.ActiveCfg = Release|Any CPU
		{FB3A2651-DB99-4B88-A15E-81B55E3A8C45}.Release|x64.Build.0 = Release|Any CPU
		{FB3A2651-DB99-4B88-A15E-81B55E3A8C45}.Release|x64.Deploy.0 = Release|Any CPU
		{FB3A2651-DB99-4B88-A15E-81B55E3A8C45}.Release|x86.ActiveCfg = Release|Any CPU
		{FB3A2651-DB99-4B88-A15E-81B55E3A8C45}.Release|x86.Build.0 = Release|Any CPU
		{FB3A2651-DB99-4B88-A15E-81B55E3A8C45}.Release|x86.Deploy.0 = Release|Any CPU
		{C8D8269B-A464-4D6B-8CA8-4CF66CE706A3}.Ad-Hoc|Any CPU.ActiveCfg = Release|Any CPU
		{C8D8269B-A464-4D6B-8CA8-4CF66CE706A3}.Ad-Hoc|Any CPU.Build.0 = Release|Any CPU
		{C8D8269B-A464-4D6B-8CA8-4CF66CE706A3}.Ad-Hoc|ARM.ActiveCfg = Release|Any CPU
		{C8D8269B-A464-4D6B-8CA8-4CF66CE706A3}.Ad-Hoc|ARM.Build.0 = Release|Any CPU
		{C8D8269B-A464-4D6B-8CA8-4CF66CE706A3}.Ad-Hoc|iPhone.ActiveCfg = Release|Any CPU
		{C8D8269B-A464-4D6B-8CA8-4CF66CE706A3}.Ad-Hoc|iPhone.Build.0 = Release|Any CPU
		{C8D8269B-A464-4D6B-8CA8-4CF66CE706A3}.Ad-Hoc|iPhoneSimulator.ActiveCfg = Release|Any CPU
		{C8D8269B-A464-4D6B-8CA8-4CF66CE706A3}.Ad-Hoc|iPhoneSimulator.Build.0 = Release|Any CPU
		{C8D8269B-A464-4D6B-8CA8-4CF66CE706A3}.Ad-Hoc|x64.ActiveCfg = Release|Any CPU
		{C8D8269B-A464-4D6B-8CA8-4CF66CE706A3}.Ad-Hoc|x64.Build.0 = Release|Any CPU
		{C8D8269B-A464-4D6B-8CA8-4CF66CE706A3}.Ad-Hoc|x86.ActiveCfg = Release|Any CPU
		{C8D8269B-A464-4D6B-8CA8-4CF66CE706A3}.Ad-Hoc|x86.Build.0 = Release|Any CPU
		{C8D8269B-A464-4D6B-8CA8-4CF66CE706A3}.AppStore|Any CPU.ActiveCfg = Release|Any CPU
		{C8D8269B-A464-4D6B-8CA8-4CF66CE706A3}.AppStore|Any CPU.Build.0 = Release|Any CPU
		{C8D8269B-A464-4D6B-8CA8-4CF66CE706A3}.AppStore|ARM.ActiveCfg = Release|Any CPU
		{C8D8269B-A464-4D6B-8CA8-4CF66CE706A3}.AppStore|ARM.Build.0 = Release|Any CPU
		{C8D8269B-A464-4D6B-8CA8-4CF66CE706A3}.AppStore|iPhone.ActiveCfg = Release|Any CPU
		{C8D8269B-A464-4D6B-8CA8-4CF66CE706A3}.AppStore|iPhone.Build.0 = Release|Any CPU
		{C8D8269B-A464-4D6B-8CA8-4CF66CE706A3}.AppStore|iPhoneSimulator.ActiveCfg = Release|Any CPU
		{C8D8269B-A464-4D6B-8CA8-4CF66CE706A3}.AppStore|iPhoneSimulator.Build.0 = Release|Any CPU
		{C8D8269B-A464-4D6B-8CA8-4CF66CE706A3}.AppStore|x64.ActiveCfg = Release|Any CPU
		{C8D8269B-A464-4D6B-8CA8-4CF66CE706A3}.AppStore|x64.Build.0 = Release|Any CPU
		{C8D8269B-A464-4D6B-8CA8-4CF66CE706A3}.AppStore|x86.ActiveCfg = Release|Any CPU
		{C8D8269B-A464-4D6B-8CA8-4CF66CE706A3}.AppStore|x86.Build.0 = Release|Any CPU
		{C8D8269B-A464-4D6B-8CA8-4CF66CE706A3}.Debug|Any CPU.ActiveCfg = Debug|Any CPU
		{C8D8269B-A464-4D6B-8CA8-4CF66CE706A3}.Debug|Any CPU.Build.0 = Debug|Any CPU
		{C8D8269B-A464-4D6B-8CA8-4CF66CE706A3}.Debug|ARM.ActiveCfg = Debug|Any CPU
		{C8D8269B-A464-4D6B-8CA8-4CF66CE706A3}.Debug|ARM.Build.0 = Debug|Any CPU
		{C8D8269B-A464-4D6B-8CA8-4CF66CE706A3}.Debug|iPhone.ActiveCfg = Debug|Any CPU
		{C8D8269B-A464-4D6B-8CA8-4CF66CE706A3}.Debug|iPhone.Build.0 = Debug|Any CPU
		{C8D8269B-A464-4D6B-8CA8-4CF66CE706A3}.Debug|iPhoneSimulator.ActiveCfg = Debug|Any CPU
		{C8D8269B-A464-4D6B-8CA8-4CF66CE706A3}.Debug|iPhoneSimulator.Build.0 = Debug|Any CPU
		{C8D8269B-A464-4D6B-8CA8-4CF66CE706A3}.Debug|x64.ActiveCfg = Debug|Any CPU
		{C8D8269B-A464-4D6B-8CA8-4CF66CE706A3}.Debug|x64.Build.0 = Debug|Any CPU
		{C8D8269B-A464-4D6B-8CA8-4CF66CE706A3}.Debug|x86.ActiveCfg = Debug|Any CPU
		{C8D8269B-A464-4D6B-8CA8-4CF66CE706A3}.Debug|x86.Build.0 = Debug|Any CPU
		{C8D8269B-A464-4D6B-8CA8-4CF66CE706A3}.Release|Any CPU.ActiveCfg = Release|Any CPU
		{C8D8269B-A464-4D6B-8CA8-4CF66CE706A3}.Release|Any CPU.Build.0 = Release|Any CPU
		{C8D8269B-A464-4D6B-8CA8-4CF66CE706A3}.Release|ARM.ActiveCfg = Release|Any CPU
		{C8D8269B-A464-4D6B-8CA8-4CF66CE706A3}.Release|ARM.Build.0 = Release|Any CPU
		{C8D8269B-A464-4D6B-8CA8-4CF66CE706A3}.Release|iPhone.ActiveCfg = Release|Any CPU
		{C8D8269B-A464-4D6B-8CA8-4CF66CE706A3}.Release|iPhone.Build.0 = Release|Any CPU
		{C8D8269B-A464-4D6B-8CA8-4CF66CE706A3}.Release|iPhoneSimulator.ActiveCfg = Release|Any CPU
		{C8D8269B-A464-4D6B-8CA8-4CF66CE706A3}.Release|iPhoneSimulator.Build.0 = Release|Any CPU
		{C8D8269B-A464-4D6B-8CA8-4CF66CE706A3}.Release|x64.ActiveCfg = Release|Any CPU
		{C8D8269B-A464-4D6B-8CA8-4CF66CE706A3}.Release|x64.Build.0 = Release|Any CPU
		{C8D8269B-A464-4D6B-8CA8-4CF66CE706A3}.Release|x86.ActiveCfg = Release|Any CPU
		{C8D8269B-A464-4D6B-8CA8-4CF66CE706A3}.Release|x86.Build.0 = Release|Any CPU
		{A884F02A-0CF1-40E3-BD7C-E2CB392F2891}.Ad-Hoc|Any CPU.ActiveCfg = Release|Any CPU
		{A884F02A-0CF1-40E3-BD7C-E2CB392F2891}.Ad-Hoc|Any CPU.Build.0 = Release|Any CPU
		{A884F02A-0CF1-40E3-BD7C-E2CB392F2891}.Ad-Hoc|ARM.ActiveCfg = Release|Any CPU
		{A884F02A-0CF1-40E3-BD7C-E2CB392F2891}.Ad-Hoc|ARM.Build.0 = Release|Any CPU
		{A884F02A-0CF1-40E3-BD7C-E2CB392F2891}.Ad-Hoc|iPhone.ActiveCfg = Release|Any CPU
		{A884F02A-0CF1-40E3-BD7C-E2CB392F2891}.Ad-Hoc|iPhone.Build.0 = Release|Any CPU
		{A884F02A-0CF1-40E3-BD7C-E2CB392F2891}.Ad-Hoc|iPhoneSimulator.ActiveCfg = Release|Any CPU
		{A884F02A-0CF1-40E3-BD7C-E2CB392F2891}.Ad-Hoc|iPhoneSimulator.Build.0 = Release|Any CPU
		{A884F02A-0CF1-40E3-BD7C-E2CB392F2891}.Ad-Hoc|x64.ActiveCfg = Release|Any CPU
		{A884F02A-0CF1-40E3-BD7C-E2CB392F2891}.Ad-Hoc|x64.Build.0 = Release|Any CPU
		{A884F02A-0CF1-40E3-BD7C-E2CB392F2891}.Ad-Hoc|x86.ActiveCfg = Release|Any CPU
		{A884F02A-0CF1-40E3-BD7C-E2CB392F2891}.Ad-Hoc|x86.Build.0 = Release|Any CPU
		{A884F02A-0CF1-40E3-BD7C-E2CB392F2891}.AppStore|Any CPU.ActiveCfg = Release|Any CPU
		{A884F02A-0CF1-40E3-BD7C-E2CB392F2891}.AppStore|Any CPU.Build.0 = Release|Any CPU
		{A884F02A-0CF1-40E3-BD7C-E2CB392F2891}.AppStore|ARM.ActiveCfg = Release|Any CPU
		{A884F02A-0CF1-40E3-BD7C-E2CB392F2891}.AppStore|ARM.Build.0 = Release|Any CPU
		{A884F02A-0CF1-40E3-BD7C-E2CB392F2891}.AppStore|iPhone.ActiveCfg = Release|Any CPU
		{A884F02A-0CF1-40E3-BD7C-E2CB392F2891}.AppStore|iPhone.Build.0 = Release|Any CPU
		{A884F02A-0CF1-40E3-BD7C-E2CB392F2891}.AppStore|iPhoneSimulator.ActiveCfg = Release|Any CPU
		{A884F02A-0CF1-40E3-BD7C-E2CB392F2891}.AppStore|iPhoneSimulator.Build.0 = Release|Any CPU
		{A884F02A-0CF1-40E3-BD7C-E2CB392F2891}.AppStore|x64.ActiveCfg = Release|Any CPU
		{A884F02A-0CF1-40E3-BD7C-E2CB392F2891}.AppStore|x64.Build.0 = Release|Any CPU
		{A884F02A-0CF1-40E3-BD7C-E2CB392F2891}.AppStore|x86.ActiveCfg = Release|Any CPU
		{A884F02A-0CF1-40E3-BD7C-E2CB392F2891}.AppStore|x86.Build.0 = Release|Any CPU
		{A884F02A-0CF1-40E3-BD7C-E2CB392F2891}.Debug|Any CPU.ActiveCfg = Debug|Any CPU
		{A884F02A-0CF1-40E3-BD7C-E2CB392F2891}.Debug|Any CPU.Build.0 = Debug|Any CPU
		{A884F02A-0CF1-40E3-BD7C-E2CB392F2891}.Debug|ARM.ActiveCfg = Debug|Any CPU
		{A884F02A-0CF1-40E3-BD7C-E2CB392F2891}.Debug|ARM.Build.0 = Debug|Any CPU
		{A884F02A-0CF1-40E3-BD7C-E2CB392F2891}.Debug|iPhone.ActiveCfg = Debug|Any CPU
		{A884F02A-0CF1-40E3-BD7C-E2CB392F2891}.Debug|iPhone.Build.0 = Debug|Any CPU
		{A884F02A-0CF1-40E3-BD7C-E2CB392F2891}.Debug|iPhoneSimulator.ActiveCfg = Debug|Any CPU
		{A884F02A-0CF1-40E3-BD7C-E2CB392F2891}.Debug|iPhoneSimulator.Build.0 = Debug|Any CPU
		{A884F02A-0CF1-40E3-BD7C-E2CB392F2891}.Debug|x64.ActiveCfg = Debug|Any CPU
		{A884F02A-0CF1-40E3-BD7C-E2CB392F2891}.Debug|x64.Build.0 = Debug|Any CPU
		{A884F02A-0CF1-40E3-BD7C-E2CB392F2891}.Debug|x86.ActiveCfg = Debug|Any CPU
		{A884F02A-0CF1-40E3-BD7C-E2CB392F2891}.Debug|x86.Build.0 = Debug|Any CPU
		{A884F02A-0CF1-40E3-BD7C-E2CB392F2891}.Release|Any CPU.ActiveCfg = Release|Any CPU
		{A884F02A-0CF1-40E3-BD7C-E2CB392F2891}.Release|Any CPU.Build.0 = Release|Any CPU
		{A884F02A-0CF1-40E3-BD7C-E2CB392F2891}.Release|ARM.ActiveCfg = Release|Any CPU
		{A884F02A-0CF1-40E3-BD7C-E2CB392F2891}.Release|ARM.Build.0 = Release|Any CPU
		{A884F02A-0CF1-40E3-BD7C-E2CB392F2891}.Release|iPhone.ActiveCfg = Release|Any CPU
		{A884F02A-0CF1-40E3-BD7C-E2CB392F2891}.Release|iPhone.Build.0 = Release|Any CPU
		{A884F02A-0CF1-40E3-BD7C-E2CB392F2891}.Release|iPhoneSimulator.ActiveCfg = Release|Any CPU
		{A884F02A-0CF1-40E3-BD7C-E2CB392F2891}.Release|iPhoneSimulator.Build.0 = Release|Any CPU
		{A884F02A-0CF1-40E3-BD7C-E2CB392F2891}.Release|x64.ActiveCfg = Release|Any CPU
		{A884F02A-0CF1-40E3-BD7C-E2CB392F2891}.Release|x64.Build.0 = Release|Any CPU
		{A884F02A-0CF1-40E3-BD7C-E2CB392F2891}.Release|x86.ActiveCfg = Release|Any CPU
		{A884F02A-0CF1-40E3-BD7C-E2CB392F2891}.Release|x86.Build.0 = Release|Any CPU
		{21F6FC12-C0D4-4F23-AAE2-EFB7E6B7511E}.Ad-Hoc|Any CPU.ActiveCfg = Release|Any CPU
		{21F6FC12-C0D4-4F23-AAE2-EFB7E6B7511E}.Ad-Hoc|Any CPU.Build.0 = Release|Any CPU
		{21F6FC12-C0D4-4F23-AAE2-EFB7E6B7511E}.Ad-Hoc|ARM.ActiveCfg = Release|Any CPU
		{21F6FC12-C0D4-4F23-AAE2-EFB7E6B7511E}.Ad-Hoc|ARM.Build.0 = Release|Any CPU
		{21F6FC12-C0D4-4F23-AAE2-EFB7E6B7511E}.Ad-Hoc|iPhone.ActiveCfg = Release|Any CPU
		{21F6FC12-C0D4-4F23-AAE2-EFB7E6B7511E}.Ad-Hoc|iPhone.Build.0 = Release|Any CPU
		{21F6FC12-C0D4-4F23-AAE2-EFB7E6B7511E}.Ad-Hoc|iPhoneSimulator.ActiveCfg = Release|Any CPU
		{21F6FC12-C0D4-4F23-AAE2-EFB7E6B7511E}.Ad-Hoc|iPhoneSimulator.Build.0 = Release|Any CPU
		{21F6FC12-C0D4-4F23-AAE2-EFB7E6B7511E}.Ad-Hoc|x64.ActiveCfg = Release|Any CPU
		{21F6FC12-C0D4-4F23-AAE2-EFB7E6B7511E}.Ad-Hoc|x64.Build.0 = Release|Any CPU
		{21F6FC12-C0D4-4F23-AAE2-EFB7E6B7511E}.Ad-Hoc|x86.ActiveCfg = Release|Any CPU
		{21F6FC12-C0D4-4F23-AAE2-EFB7E6B7511E}.Ad-Hoc|x86.Build.0 = Release|Any CPU
		{21F6FC12-C0D4-4F23-AAE2-EFB7E6B7511E}.AppStore|Any CPU.ActiveCfg = Release|Any CPU
		{21F6FC12-C0D4-4F23-AAE2-EFB7E6B7511E}.AppStore|Any CPU.Build.0 = Release|Any CPU
		{21F6FC12-C0D4-4F23-AAE2-EFB7E6B7511E}.AppStore|ARM.ActiveCfg = Release|Any CPU
		{21F6FC12-C0D4-4F23-AAE2-EFB7E6B7511E}.AppStore|ARM.Build.0 = Release|Any CPU
		{21F6FC12-C0D4-4F23-AAE2-EFB7E6B7511E}.AppStore|iPhone.ActiveCfg = Release|Any CPU
		{21F6FC12-C0D4-4F23-AAE2-EFB7E6B7511E}.AppStore|iPhone.Build.0 = Release|Any CPU
		{21F6FC12-C0D4-4F23-AAE2-EFB7E6B7511E}.AppStore|iPhoneSimulator.ActiveCfg = Release|Any CPU
		{21F6FC12-C0D4-4F23-AAE2-EFB7E6B7511E}.AppStore|iPhoneSimulator.Build.0 = Release|Any CPU
		{21F6FC12-C0D4-4F23-AAE2-EFB7E6B7511E}.AppStore|x64.ActiveCfg = Release|Any CPU
		{21F6FC12-C0D4-4F23-AAE2-EFB7E6B7511E}.AppStore|x64.Build.0 = Release|Any CPU
		{21F6FC12-C0D4-4F23-AAE2-EFB7E6B7511E}.AppStore|x86.ActiveCfg = Release|Any CPU
		{21F6FC12-C0D4-4F23-AAE2-EFB7E6B7511E}.AppStore|x86.Build.0 = Release|Any CPU
		{21F6FC12-C0D4-4F23-AAE2-EFB7E6B7511E}.Debug|Any CPU.ActiveCfg = Debug|Any CPU
		{21F6FC12-C0D4-4F23-AAE2-EFB7E6B7511E}.Debug|Any CPU.Build.0 = Debug|Any CPU
		{21F6FC12-C0D4-4F23-AAE2-EFB7E6B7511E}.Debug|ARM.ActiveCfg = Debug|Any CPU
		{21F6FC12-C0D4-4F23-AAE2-EFB7E6B7511E}.Debug|ARM.Build.0 = Debug|Any CPU
		{21F6FC12-C0D4-4F23-AAE2-EFB7E6B7511E}.Debug|iPhone.ActiveCfg = Debug|Any CPU
		{21F6FC12-C0D4-4F23-AAE2-EFB7E6B7511E}.Debug|iPhone.Build.0 = Debug|Any CPU
		{21F6FC12-C0D4-4F23-AAE2-EFB7E6B7511E}.Debug|iPhoneSimulator.ActiveCfg = Debug|Any CPU
		{21F6FC12-C0D4-4F23-AAE2-EFB7E6B7511E}.Debug|iPhoneSimulator.Build.0 = Debug|Any CPU
		{21F6FC12-C0D4-4F23-AAE2-EFB7E6B7511E}.Debug|x64.ActiveCfg = Debug|Any CPU
		{21F6FC12-C0D4-4F23-AAE2-EFB7E6B7511E}.Debug|x64.Build.0 = Debug|Any CPU
		{21F6FC12-C0D4-4F23-AAE2-EFB7E6B7511E}.Debug|x86.ActiveCfg = Debug|Any CPU
		{21F6FC12-C0D4-4F23-AAE2-EFB7E6B7511E}.Debug|x86.Build.0 = Debug|Any CPU
		{21F6FC12-C0D4-4F23-AAE2-EFB7E6B7511E}.Release|Any CPU.ActiveCfg = Release|Any CPU
		{21F6FC12-C0D4-4F23-AAE2-EFB7E6B7511E}.Release|Any CPU.Build.0 = Release|Any CPU
		{21F6FC12-C0D4-4F23-AAE2-EFB7E6B7511E}.Release|ARM.ActiveCfg = Release|Any CPU
		{21F6FC12-C0D4-4F23-AAE2-EFB7E6B7511E}.Release|ARM.Build.0 = Release|Any CPU
		{21F6FC12-C0D4-4F23-AAE2-EFB7E6B7511E}.Release|iPhone.ActiveCfg = Release|Any CPU
		{21F6FC12-C0D4-4F23-AAE2-EFB7E6B7511E}.Release|iPhone.Build.0 = Release|Any CPU
		{21F6FC12-C0D4-4F23-AAE2-EFB7E6B7511E}.Release|iPhoneSimulator.ActiveCfg = Release|Any CPU
		{21F6FC12-C0D4-4F23-AAE2-EFB7E6B7511E}.Release|iPhoneSimulator.Build.0 = Release|Any CPU
		{21F6FC12-C0D4-4F23-AAE2-EFB7E6B7511E}.Release|x64.ActiveCfg = Release|Any CPU
		{21F6FC12-C0D4-4F23-AAE2-EFB7E6B7511E}.Release|x64.Build.0 = Release|Any CPU
		{21F6FC12-C0D4-4F23-AAE2-EFB7E6B7511E}.Release|x86.ActiveCfg = Release|Any CPU
		{21F6FC12-C0D4-4F23-AAE2-EFB7E6B7511E}.Release|x86.Build.0 = Release|Any CPU
		{22CF3DF3-D1DD-4EEA-A859-40862E596A9D}.Ad-Hoc|Any CPU.ActiveCfg = Release|Any CPU
		{22CF3DF3-D1DD-4EEA-A859-40862E596A9D}.Ad-Hoc|Any CPU.Build.0 = Release|Any CPU
		{22CF3DF3-D1DD-4EEA-A859-40862E596A9D}.Ad-Hoc|ARM.ActiveCfg = Release|Any CPU
		{22CF3DF3-D1DD-4EEA-A859-40862E596A9D}.Ad-Hoc|ARM.Build.0 = Release|Any CPU
		{22CF3DF3-D1DD-4EEA-A859-40862E596A9D}.Ad-Hoc|iPhone.ActiveCfg = Release|Any CPU
		{22CF3DF3-D1DD-4EEA-A859-40862E596A9D}.Ad-Hoc|iPhone.Build.0 = Release|Any CPU
		{22CF3DF3-D1DD-4EEA-A859-40862E596A9D}.Ad-Hoc|iPhoneSimulator.ActiveCfg = Release|Any CPU
		{22CF3DF3-D1DD-4EEA-A859-40862E596A9D}.Ad-Hoc|iPhoneSimulator.Build.0 = Release|Any CPU
		{22CF3DF3-D1DD-4EEA-A859-40862E596A9D}.Ad-Hoc|x64.ActiveCfg = Release|Any CPU
		{22CF3DF3-D1DD-4EEA-A859-40862E596A9D}.Ad-Hoc|x64.Build.0 = Release|Any CPU
		{22CF3DF3-D1DD-4EEA-A859-40862E596A9D}.Ad-Hoc|x86.ActiveCfg = Release|Any CPU
		{22CF3DF3-D1DD-4EEA-A859-40862E596A9D}.Ad-Hoc|x86.Build.0 = Release|Any CPU
		{22CF3DF3-D1DD-4EEA-A859-40862E596A9D}.AppStore|Any CPU.ActiveCfg = Release|Any CPU
		{22CF3DF3-D1DD-4EEA-A859-40862E596A9D}.AppStore|Any CPU.Build.0 = Release|Any CPU
		{22CF3DF3-D1DD-4EEA-A859-40862E596A9D}.AppStore|ARM.ActiveCfg = Release|Any CPU
		{22CF3DF3-D1DD-4EEA-A859-40862E596A9D}.AppStore|ARM.Build.0 = Release|Any CPU
		{22CF3DF3-D1DD-4EEA-A859-40862E596A9D}.AppStore|iPhone.ActiveCfg = Release|Any CPU
		{22CF3DF3-D1DD-4EEA-A859-40862E596A9D}.AppStore|iPhone.Build.0 = Release|Any CPU
		{22CF3DF3-D1DD-4EEA-A859-40862E596A9D}.AppStore|iPhoneSimulator.ActiveCfg = Release|Any CPU
		{22CF3DF3-D1DD-4EEA-A859-40862E596A9D}.AppStore|iPhoneSimulator.Build.0 = Release|Any CPU
		{22CF3DF3-D1DD-4EEA-A859-40862E596A9D}.AppStore|x64.ActiveCfg = Release|Any CPU
		{22CF3DF3-D1DD-4EEA-A859-40862E596A9D}.AppStore|x64.Build.0 = Release|Any CPU
		{22CF3DF3-D1DD-4EEA-A859-40862E596A9D}.AppStore|x86.ActiveCfg = Release|Any CPU
		{22CF3DF3-D1DD-4EEA-A859-40862E596A9D}.AppStore|x86.Build.0 = Release|Any CPU
		{22CF3DF3-D1DD-4EEA-A859-40862E596A9D}.Debug|Any CPU.ActiveCfg = Debug|Any CPU
		{22CF3DF3-D1DD-4EEA-A859-40862E596A9D}.Debug|Any CPU.Build.0 = Debug|Any CPU
		{22CF3DF3-D1DD-4EEA-A859-40862E596A9D}.Debug|ARM.ActiveCfg = Debug|Any CPU
		{22CF3DF3-D1DD-4EEA-A859-40862E596A9D}.Debug|ARM.Build.0 = Debug|Any CPU
		{22CF3DF3-D1DD-4EEA-A859-40862E596A9D}.Debug|iPhone.ActiveCfg = Debug|Any CPU
		{22CF3DF3-D1DD-4EEA-A859-40862E596A9D}.Debug|iPhone.Build.0 = Debug|Any CPU
		{22CF3DF3-D1DD-4EEA-A859-40862E596A9D}.Debug|iPhoneSimulator.ActiveCfg = Debug|Any CPU
		{22CF3DF3-D1DD-4EEA-A859-40862E596A9D}.Debug|iPhoneSimulator.Build.0 = Debug|Any CPU
		{22CF3DF3-D1DD-4EEA-A859-40862E596A9D}.Debug|x64.ActiveCfg = Debug|Any CPU
		{22CF3DF3-D1DD-4EEA-A859-40862E596A9D}.Debug|x64.Build.0 = Debug|Any CPU
		{22CF3DF3-D1DD-4EEA-A859-40862E596A9D}.Debug|x86.ActiveCfg = Debug|Any CPU
		{22CF3DF3-D1DD-4EEA-A859-40862E596A9D}.Debug|x86.Build.0 = Debug|Any CPU
		{22CF3DF3-D1DD-4EEA-A859-40862E596A9D}.Release|Any CPU.ActiveCfg = Release|Any CPU
		{22CF3DF3-D1DD-4EEA-A859-40862E596A9D}.Release|Any CPU.Build.0 = Release|Any CPU
		{22CF3DF3-D1DD-4EEA-A859-40862E596A9D}.Release|ARM.ActiveCfg = Release|Any CPU
		{22CF3DF3-D1DD-4EEA-A859-40862E596A9D}.Release|ARM.Build.0 = Release|Any CPU
		{22CF3DF3-D1DD-4EEA-A859-40862E596A9D}.Release|iPhone.ActiveCfg = Release|Any CPU
		{22CF3DF3-D1DD-4EEA-A859-40862E596A9D}.Release|iPhone.Build.0 = Release|Any CPU
		{22CF3DF3-D1DD-4EEA-A859-40862E596A9D}.Release|iPhoneSimulator.ActiveCfg = Release|Any CPU
		{22CF3DF3-D1DD-4EEA-A859-40862E596A9D}.Release|iPhoneSimulator.Build.0 = Release|Any CPU
		{22CF3DF3-D1DD-4EEA-A859-40862E596A9D}.Release|x64.ActiveCfg = Release|Any CPU
		{22CF3DF3-D1DD-4EEA-A859-40862E596A9D}.Release|x64.Build.0 = Release|Any CPU
		{22CF3DF3-D1DD-4EEA-A859-40862E596A9D}.Release|x86.ActiveCfg = Release|Any CPU
		{22CF3DF3-D1DD-4EEA-A859-40862E596A9D}.Release|x86.Build.0 = Release|Any CPU
	EndGlobalSection
	GlobalSection(SolutionProperties) = preSolution
		HideSolutionNode = FALSE
	EndGlobalSection
	GlobalSection(ExtensibilityGlobals) = postSolution
		SolutionGuid = {945D61C9-723D-4027-8B53-D520F4AB2FCB}
	EndGlobalSection
EndGlobal
